github.com/jaeyoony/deck_of_cards v0.0.0-20221212172804-9aa5fa1f82d2 h1:uwwwe7ZeWwE47RK4LtfmHLeoiAgGt6JQyQWi4IBdOdg=
github.com/jaeyoony/deck_of_cards v0.0.0-20221212172804-9aa5fa1f82d2/go.mod h1:/+UyMy9svfr0idAnaOOe4vllAqdu4HQV9BVfXWb9iHI=
github.com/jaeyoony/deck_of_cards v0.0.0-20230102155136-8d818c2e9a08 h1:ilzI4j1ZOIpo7yMERU1oDcuBfxG/zRe/ta1dgeXMp7g=
github.com/jaeyoony/deck_of_cards v0.0.0-20230102155136-8d818c2e9a08/go.mod h1:/+UyMy9svfr0idAnaOOe4vllAqdu4HQV9BVfXWb9iHI=
